
Microsoft Visual Studio Solution File, Format Version 12.00
# Visual Studio Version 17
VisualStudioVersion = 17.3.32929.385
MinimumVisualStudioVersion = 10.0.40219.1
Project("{FAE04EC0-301F-11D3-BF4B-00C04F79EFBC}") = "backend", "backend\backend.csproj", "{6538401C-C304-40A7-A337-3D09A355AB63}"
EndProject
Global
	GlobalSection(SolutionConfigurationPlatforms) = preSolution
		Debug|Any CPU = Debug|Any CPU
		Release|Any CPU = Release|Any CPU
	EndGlobalSection
	GlobalSection(ProjectConfigurationPlatforms) = postSolution
		{6538401C-C304-40A7-A337-3D09A355AB63}.Debug|Any CPU.ActiveCfg = Debug|Any CPU
		{6538401C-C304-40A7-A337-3D09A355AB63}.Debug|Any CPU.Build.0 = Debug|Any CPU
		{6538401C-C304-40A7-A337-3D09A355AB63}.Release|Any CPU.ActiveCfg = Release|Any CPU
		{6538401C-C304-40A7-A337-3D09A355AB63}.Release|Any CPU.Build.0 = Release|Any CPU
	EndGlobalSection
	GlobalSection(SolutionProperties) = preSolution
		HideSolutionNode = FALSE
	EndGlobalSection
	GlobalSection(ExtensibilityGlobals) = postSolution
		SolutionGuid = {E72EA35E-8AE0-4503-8EEA-EF32A08506C9}
	EndGlobalSection
EndGlobal
